
Microsoft Visual Studio Solution File, Format Version 12.00
# Visual Studio Version 16
VisualStudioVersion = 16.0.29324.140
MinimumVisualStudioVersion = 10.0.40219.1
Project("{FAE04EC0-301F-11D3-BF4B-00C04F79EFBC}") = "ColetorAPP.UWP", "ColetorAPP\ColetorAPP.UWP\ColetorAPP.UWP.csproj", "{87E08F11-FA10-4547-8BB5-A8681CA81743}"
EndProject
Project("{FAE04EC0-301F-11D3-BF4B-00C04F79EFBC}") = "ColetorAPP.Android", "ColetorAPP\ColetorAPP.Android\ColetorAPP.Android.csproj", "{EF56B5FC-7F1B-44AE-AC54-DE50AA1F5E2F}"
EndProject
Project("{FAE04EC0-301F-11D3-BF4B-00C04F79EFBC}") = "ColetorAPP.iOS", "ColetorAPP\ColetorAPP.iOS\ColetorAPP.iOS.csproj", "{3333422C-214B-42A6-8A73-6F88AAE61FEF}"
EndProject
Project("{9A19103F-16F7-4668-BE54-9A1E7A4F7556}") = "ColetorAPP", "ColetorAPP\ColetorAPP\ColetorAPP.csproj", "{C1305D03-165C-4ADD-BC52-DF77707DB60D}"
EndProject
Global
	GlobalSection(SolutionConfigurationPlatforms) = preSolution
		Debug|Any CPU = Debug|Any CPU
		Debug|ARM = Debug|ARM
		Debug|iPhone = Debug|iPhone
		Debug|iPhoneSimulator = Debug|iPhoneSimulator
		Debug|x64 = Debug|x64
		Debug|x86 = Debug|x86
		Release|Any CPU = Release|Any CPU
		Release|ARM = Release|ARM
		Release|iPhone = Release|iPhone
		Release|iPhoneSimulator = Release|iPhoneSimulator
		Release|x64 = Release|x64
		Release|x86 = Release|x86
	EndGlobalSection
	GlobalSection(ProjectConfigurationPlatforms) = postSolution
		{87E08F11-FA10-4547-8BB5-A8681CA81743}.Debug|Any CPU.ActiveCfg = Debug|x86
		{87E08F11-FA10-4547-8BB5-A8681CA81743}.Debug|Any CPU.Build.0 = Debug|x86
		{87E08F11-FA10-4547-8BB5-A8681CA81743}.Debug|Any CPU.Deploy.0 = Debug|x86
		{87E08F11-FA10-4547-8BB5-A8681CA81743}.Debug|ARM.ActiveCfg = Debug|ARM
		{87E08F11-FA10-4547-8BB5-A8681CA81743}.Debug|ARM.Build.0 = Debug|ARM
		{87E08F11-FA10-4547-8BB5-A8681CA81743}.Debug|ARM.Deploy.0 = Debug|ARM
		{87E08F11-FA10-4547-8BB5-A8681CA81743}.Debug|iPhone.ActiveCfg = Debug|x86
		{87E08F11-FA10-4547-8BB5-A8681CA81743}.Debug|iPhone.Build.0 = Debug|x86
		{87E08F11-FA10-4547-8BB5-A8681CA81743}.Debug|iPhone.Deploy.0 = Debug|x86
		{87E08F11-FA10-4547-8BB5-A8681CA81743}.Debug|iPhoneSimulator.ActiveCfg = Debug|x86
		{87E08F11-FA10-4547-8BB5-A8681CA81743}.Debug|iPhoneSimulator.Build.0 = Debug|x86
		{87E08F11-FA10-4547-8BB5-A8681CA81743}.Debug|iPhoneSimulator.Deploy.0 = Debug|x86
		{87E08F11-FA10-4547-8BB5-A8681CA81743}.Debug|x64.ActiveCfg = Debug|x64
		{87E08F11-FA10-4547-8BB5-A8681CA81743}.Debug|x64.Build.0 = Debug|x64
		{87E08F11-FA10-4547-8BB5-A8681CA81743}.Debug|x64.Deploy.0 = Debug|x64
		{87E08F11-FA10-4547-8BB5-A8681CA81743}.Debug|x86.ActiveCfg = Debug|x86
		{87E08F11-FA10-4547-8BB5-A8681CA81743}.Debug|x86.Build.0 = Debug|x86
		{87E08F11-FA10-4547-8BB5-A8681CA81743}.Debug|x86.Deploy.0 = Debug|x86
		{87E08F11-FA10-4547-8BB5-A8681CA81743}.Release|Any CPU.ActiveCfg = Release|x86
		{87E08F11-FA10-4547-8BB5-A8681CA81743}.Release|Any CPU.Build.0 = Release|x86
		{87E08F11-FA10-4547-8BB5-A8681CA81743}.Release|Any CPU.Deploy.0 = Release|x86
		{87E08F11-FA10-4547-8BB5-A8681CA81743}.Release|ARM.ActiveCfg = Release|ARM
		{87E08F11-FA10-4547-8BB5-A8681CA81743}.Release|ARM.Build.0 = Release|ARM
		{87E08F11-FA10-4547-8BB5-A8681CA81743}.Release|ARM.Deploy.0 = Release|ARM
		{87E08F11-FA10-4547-8BB5-A8681CA81743}.Release|iPhone.ActiveCfg = Release|x86
		{87E08F11-FA10-4547-8BB5-A8681CA81743}.Release|iPhone.Build.0 = Release|x86
		{87E08F11-FA10-4547-8BB5-A8681CA81743}.Release|iPhone.Deploy.0 = Release|x86
		{87E08F11-FA10-4547-8BB5-A8681CA81743}.Release|iPhoneSimulator.ActiveCfg = Release|x86
		{87E08F11-FA10-4547-8BB5-A8681CA81743}.Release|iPhoneSimulator.Build.0 = Release|x86
		{87E08F11-FA10-4547-8BB5-A8681CA81743}.Release|iPhoneSimulator.Deploy.0 = Release|x86
		{87E08F11-FA10-4547-8BB5-A8681CA81743}.Release|x64.ActiveCfg = Release|x64
		{87E08F11-FA10-4547-8BB5-A8681CA81743}.Release|x64.Build.0 = Release|x64
		{87E08F11-FA10-4547-8BB5-A8681CA81743}.Release|x64.Deploy.0 = Release|x64
		{87E08F11-FA10-4547-8BB5-A8681CA81743}.Release|x86.ActiveCfg = Release|x86
		{87E08F11-FA10-4547-8BB5-A8681CA81743}.Release|x86.Build.0 = Release|x86
		{87E08F11-FA10-4547-8BB5-A8681CA81743}.Release|x86.Deploy.0 = Release|x86
		{EF56B5FC-7F1B-44AE-AC54-DE50AA1F5E2F}.Debug|Any CPU.ActiveCfg = Debug|Any CPU
		{EF56B5FC-7F1B-44AE-AC54-DE50AA1F5E2F}.Debug|Any CPU.Build.0 = Debug|Any CPU
		{EF56B5FC-7F1B-44AE-AC54-DE50AA1F5E2F}.Debug|Any CPU.Deploy.0 = Debug|Any CPU
		{EF56B5FC-7F1B-44AE-AC54-DE50AA1F5E2F}.Debug|ARM.ActiveCfg = Debug|Any CPU
		{EF56B5FC-7F1B-44AE-AC54-DE50AA1F5E2F}.Debug|ARM.Build.0 = Debug|Any CPU
		{EF56B5FC-7F1B-44AE-AC54-DE50AA1F5E2F}.Debug|ARM.Deploy.0 = Debug|Any CPU
		{EF56B5FC-7F1B-44AE-AC54-DE50AA1F5E2F}.Debug|iPhone.ActiveCfg = Debug|Any CPU
		{EF56B5FC-7F1B-44AE-AC54-DE50AA1F5E2F}.Debug|iPhone.Build.0 = Debug|Any CPU
		{EF56B5FC-7F1B-44AE-AC54-DE50AA1F5E2F}.Debug|iPhone.Deploy.0 = Debug|Any CPU
		{EF56B5FC-7F1B-44AE-AC54-DE50AA1F5E2F}.Debug|iPhoneSimulator.ActiveCfg = Debug|Any CPU
		{EF56B5FC-7F1B-44AE-AC54-DE50AA1F5E2F}.Debug|iPhoneSimulator.Build.0 = Debug|Any CPU
		{EF56B5FC-7F1B-44AE-AC54-DE50AA1F5E2F}.Debug|iPhoneSimulator.Deploy.0 = Debug|Any CPU
		{EF56B5FC-7F1B-44AE-AC54-DE50AA1F5E2F}.Debug|x64.ActiveCfg = Debug|Any CPU
		{EF56B5FC-7F1B-44AE-AC54-DE50AA1F5E2F}.Debug|x64.Build.0 = Debug|Any CPU
		{EF56B5FC-7F1B-44AE-AC54-DE50AA1F5E2F}.Debug|x64.Deploy.0 = Debug|Any CPU
		{EF56B5FC-7F1B-44AE-AC54-DE50AA1F5E2F}.Debug|x86.ActiveCfg = Debug|Any CPU
		{EF56B5FC-7F1B-44AE-AC54-DE50AA1F5E2F}.Debug|x86.Build.0 = Debug|Any CPU
		{EF56B5FC-7F1B-44AE-AC54-DE50AA1F5E2F}.Debug|x86.Deploy.0 = Debug|Any CPU
		{EF56B5FC-7F1B-44AE-AC54-DE50AA1F5E2F}.Release|Any CPU.ActiveCfg = Release|Any CPU
		{EF56B5FC-7F1B-44AE-AC54-DE50AA1F5E2F}.Release|Any CPU.Build.0 = Release|Any CPU
		{EF56B5FC-7F1B-44AE-AC54-DE50AA1F5E2F}.Release|Any CPU.Deploy.0 = Release|Any CPU
		{EF56B5FC-7F1B-44AE-AC54-DE50AA1F5E2F}.Release|ARM.ActiveCfg = Release|Any CPU
		{EF56B5FC-7F1B-44AE-AC54-DE50AA1F5E2F}.Release|ARM.Build.0 = Release|Any CPU
		{EF56B5FC-7F1B-44AE-AC54-DE50AA1F5E2F}.Release|ARM.Deploy.0 = Release|Any CPU
		{EF56B5FC-7F1B-44AE-AC54-DE50AA1F5E2F}.Release|iPhone.ActiveCfg = Release|Any CPU
		{EF56B5FC-7F1B-44AE-AC54-DE50AA1F5E2F}.Release|iPhone.Build.0 = Release|Any CPU
		{EF56B5FC-7F1B-44AE-AC54-DE50AA1F5E2F}.Release|iPhone.Deploy.0 = Release|Any CPU
		{EF56B5FC-7F1B-44AE-AC54-DE50AA1F5E2F}.Release|iPhoneSimulator.ActiveCfg = Release|Any CPU
		{EF56B5FC-7F1B-44AE-AC54-DE50AA1F5E2F}.Release|iPhoneSimulator.Build.0 = Release|Any CPU
		{EF56B5FC-7F1B-44AE-AC54-DE50AA1F5E2F}.Release|iPhoneSimulator.Deploy.0 = Release|Any CPU
		{EF56B5FC-7F1B-44AE-AC54-DE50AA1F5E2F}.Release|x64.ActiveCfg = Release|Any CPU
		{EF56B5FC-7F1B-44AE-AC54-DE50AA1F5E2F}.Release|x64.Build.0 = Release|Any CPU
		{EF56B5FC-7F1B-44AE-AC54-DE50AA1F5E2F}.Release|x64.Deploy.0 = Release|Any CPU
		{EF56B5FC-7F1B-44AE-AC54-DE50AA1F5E2F}.Release|x86.ActiveCfg = Release|Any CPU
		{EF56B5FC-7F1B-44AE-AC54-DE50AA1F5E2F}.Release|x86.Build.0 = Release|Any CPU
		{EF56B5FC-7F1B-44AE-AC54-DE50AA1F5E2F}.Release|x86.Deploy.0 = Release|Any CPU
		{3333422C-214B-42A6-8A73-6F88AAE61FEF}.Debug|Any CPU.ActiveCfg = Debug|iPhone
		{3333422C-214B-42A6-8A73-6F88AAE61FEF}.Debug|Any CPU.Build.0 = Debug|iPhone
		{3333422C-214B-42A6-8A73-6F88AAE61FEF}.Debug|Any CPU.Deploy.0 = Debug|iPhone
		{3333422C-214B-42A6-8A73-6F88AAE61FEF}.Debug|ARM.ActiveCfg = Debug|iPhoneSimulator
		{3333422C-214B-42A6-8A73-6F88AAE61FEF}.Debug|ARM.Build.0 = Debug|iPhoneSimulator
		{3333422C-214B-42A6-8A73-6F88AAE61FEF}.Debug|ARM.Deploy.0 = Debug|iPhoneSimulator
		{3333422C-214B-42A6-8A73-6F88AAE61FEF}.Debug|iPhone.ActiveCfg = Debug|iPhone
		{3333422C-214B-42A6-8A73-6F88AAE61FEF}.Debug|iPhone.Build.0 = Debug|iPhone
		{3333422C-214B-42A6-8A73-6F88AAE61FEF}.Debug|iPhone.Deploy.0 = Debug|iPhone
		{3333422C-214B-42A6-8A73-6F88AAE61FEF}.Debug|iPhoneSimulator.ActiveCfg = Debug|iPhoneSimulator
		{3333422C-214B-42A6-8A73-6F88AAE61FEF}.Debug|iPhoneSimulator.Build.0 = Debug|iPhoneSimulator
		{3333422C-214B-42A6-8A73-6F88AAE61FEF}.Debug|iPhoneSimulator.Deploy.0 = Debug|iPhoneSimulator
		{3333422C-214B-42A6-8A73-6F88AAE61FEF}.Debug|x64.ActiveCfg = Debug|iPhone
		{3333422C-214B-42A6-8A73-6F88AAE61FEF}.Debug|x64.Build.0 = Debug|iPhone
		{3333422C-214B-42A6-8A73-6F88AAE61FEF}.Debug|x64.Deploy.0 = Debug|iPhone
		{3333422C-214B-42A6-8A73-6F88AAE61FEF}.Debug|x86.ActiveCfg = Debug|iPhone
		{3333422C-214B-42A6-8A73-6F88AAE61FEF}.Debug|x86.Build.0 = Debug|iPhone
		{3333422C-214B-42A6-8A73-6F88AAE61FEF}.Debug|x86.Deploy.0 = Debug|iPhone
		{3333422C-214B-42A6-8A73-6F88AAE61FEF}.Release|Any CPU.ActiveCfg = Release|iPhone
		{3333422C-214B-42A6-8A73-6F88AAE61FEF}.Release|Any CPU.Build.0 = Release|iPhone
		{3333422C-214B-42A6-8A73-6F88AAE61FEF}.Release|Any CPU.Deploy.0 = Release|iPhone
		{3333422C-214B-42A6-8A73-6F88AAE61FEF}.Release|ARM.ActiveCfg = Release|iPhone
		{3333422C-214B-42A6-8A73-6F88AAE61FEF}.Release|ARM.Build.0 = Release|iPhone
		{3333422C-214B-42A6-8A73-6F88AAE61FEF}.Release|ARM.Deploy.0 = Release|iPhone
		{3333422C-214B-42A6-8A73-6F88AAE61FEF}.Release|iPhone.ActiveCfg = Release|iPhone
		{3333422C-214B-42A6-8A73-6F88AAE61FEF}.Release|iPhone.Build.0 = Release|iPhone
		{3333422C-214B-42A6-8A73-6F88AAE61FEF}.Release|iPhone.Deploy.0 = Release|iPhone
		{3333422C-214B-42A6-8A73-6F88AAE61FEF}.Release|iPhoneSimulator.ActiveCfg = Release|iPhoneSimulator
		{3333422C-214B-42A6-8A73-6F88AAE61FEF}.Release|iPhoneSimulator.Build.0 = Release|iPhoneSimulator
		{3333422C-214B-42A6-8A73-6F88AAE61FEF}.Release|iPhoneSimulator.Deploy.0 = Release|iPhoneSimulator
		{3333422C-214B-42A6-8A73-6F88AAE61FEF}.Release|x64.ActiveCfg = Release|iPhone
		{3333422C-214B-42A6-8A73-6F88AAE61FEF}.Release|x64.Build.0 = Release|iPhone
		{3333422C-214B-42A6-8A73-6F88AAE61FEF}.Release|x64.Deploy.0 = Release|iPhone
		{3333422C-214B-42A6-8A73-6F88AAE61FEF}.Release|x86.ActiveCfg = Release|iPhone
		{3333422C-214B-42A6-8A73-6F88AAE61FEF}.Release|x86.Build.0 = Release|iPhone
		{3333422C-214B-42A6-8A73-6F88AAE61FEF}.Release|x86.Deploy.0 = Release|iPhone
		{C1305D03-165C-4ADD-BC52-DF77707DB60D}.Debug|Any CPU.ActiveCfg = Debug|Any CPU
		{C1305D03-165C-4ADD-BC52-DF77707DB60D}.Debug|Any CPU.Build.0 = Debug|Any CPU
		{C1305D03-165C-4ADD-BC52-DF77707DB60D}.Debug|Any CPU.Deploy.0 = Debug|Any CPU
		{C1305D03-165C-4ADD-BC52-DF77707DB60D}.Debug|ARM.ActiveCfg = Debug|Any CPU
		{C1305D03-165C-4ADD-BC52-DF77707DB60D}.Debug|ARM.Build.0 = Debug|Any CPU
		{C1305D03-165C-4ADD-BC52-DF77707DB60D}.Debug|ARM.Deploy.0 = Debug|Any CPU
		{C1305D03-165C-4ADD-BC52-DF77707DB60D}.Debug|iPhone.ActiveCfg = Debug|Any CPU
		{C1305D03-165C-4ADD-BC52-DF77707DB60D}.Debug|iPhone.Build.0 = Debug|Any CPU
		{C1305D03-165C-4ADD-BC52-DF77707DB60D}.Debug|iPhone.Deploy.0 = Debug|Any CPU
		{C1305D03-165C-4ADD-BC52-DF77707DB60D}.Debug|iPhoneSimulator.ActiveCfg = Debug|Any CPU
		{C1305D03-165C-4ADD-BC52-DF77707DB60D}.Debug|iPhoneSimulator.Build.0 = Debug|Any CPU
		{C1305D03-165C-4ADD-BC52-DF77707DB60D}.Debug|iPhoneSimulator.Deploy.0 = Debug|Any CPU
		{C1305D03-165C-4ADD-BC52-DF77707DB60D}.Debug|x64.ActiveCfg = Debug|Any CPU
		{C1305D03-165C-4ADD-BC52-DF77707DB60D}.Debug|x64.Build.0 = Debug|Any CPU
		{C1305D03-165C-4ADD-BC52-DF77707DB60D}.Debug|x64.Deploy.0 = Debug|Any CPU
		{C1305D03-165C-4ADD-BC52-DF77707DB60D}.Debug|x86.ActiveCfg = Debug|Any CPU
		{C1305D03-165C-4ADD-BC52-DF77707DB60D}.Debug|x86.Build.0 = Debug|Any CPU
		{C1305D03-165C-4ADD-BC52-DF77707DB60D}.Debug|x86.Deploy.0 = Debug|Any CPU
		{C1305D03-165C-4ADD-BC52-DF77707DB60D}.Release|Any CPU.ActiveCfg = Release|Any CPU
		{C1305D03-165C-4ADD-BC52-DF77707DB60D}.Release|Any CPU.Build.0 = Release|Any CPU
		{C1305D03-165C-4ADD-BC52-DF77707DB60D}.Release|Any CPU.Deploy.0 = Release|Any CPU
		{C1305D03-165C-4ADD-BC52-DF77707DB60D}.Release|ARM.ActiveCfg = Release|Any CPU
		{C1305D03-165C-4ADD-BC52-DF77707DB60D}.Release|ARM.Build.0 = Release|Any CPU
		{C1305D03-165C-4ADD-BC52-DF77707DB60D}.Release|ARM.Deploy.0 = Release|Any CPU
		{C1305D03-165C-4ADD-BC52-DF77707DB60D}.Release|iPhone.ActiveCfg = Release|Any CPU
		{C1305D03-165C-4ADD-BC52-DF77707DB60D}.Release|iPhone.Build.0 = Release|Any CPU
		{C1305D03-165C-4ADD-BC52-DF77707DB60D}.Release|iPhone.Deploy.0 = Release|Any CPU
		{C1305D03-165C-4ADD-BC52-DF77707DB60D}.Release|iPhoneSimulator.ActiveCfg = Release|Any CPU
		{C1305D03-165C-4ADD-BC52-DF77707DB60D}.Release|iPhoneSimulator.Build.0 = Release|Any CPU
		{C1305D03-165C-4ADD-BC52-DF77707DB60D}.Release|iPhoneSimulator.Deploy.0 = Release|Any CPU
		{C1305D03-165C-4ADD-BC52-DF77707DB60D}.Release|x64.ActiveCfg = Release|Any CPU
		{C1305D03-165C-4ADD-BC52-DF77707DB60D}.Release|x64.Build.0 = Release|Any CPU
		{C1305D03-165C-4ADD-BC52-DF77707DB60D}.Release|x64.Deploy.0 = Release|Any CPU
		{C1305D03-165C-4ADD-BC52-DF77707DB60D}.Release|x86.ActiveCfg = Release|Any CPU
		{C1305D03-165C-4ADD-BC52-DF77707DB60D}.Release|x86.Build.0 = Release|Any CPU
		{C1305D03-165C-4ADD-BC52-DF77707DB60D}.Release|x86.Deploy.0 = Release|Any CPU
	EndGlobalSection
	GlobalSection(SolutionProperties) = preSolution
		HideSolutionNode = FALSE
	EndGlobalSection
	GlobalSection(ExtensibilityGlobals) = postSolution
		SolutionGuid = {4A532925-E9E9-408D-89EE-7EFD760D3F56}
	EndGlobalSection
EndGlobal
